// !$*UTF8*$!
{
	archiveVersion = 1;
	classes = {
	};
	objectVersion = 77;
	objects = {

/* Begin PBXContainerItemProxy section */
		684C87B82F57FFA100AE8C4F /* PBXContainerItemProxy */ = {
			isa = PBXContainerItemProxy;
			containerPortal = 684C87A22F57FF9F00AE8C4F /* Project object */;
			proxyType = 1;
			remoteGlobalIDString = 684C87A92F57FF9F00AE8C4F;
			remoteInfo = CCUsageBar;
		};
		684C87C22F57FFA100AE8C4F /* PBXContainerItemProxy */ = {
			isa = PBXContainerItemProxy;
			containerPortal = 684C87A22F57FF9F00AE8C4F /* Project object */;
			proxyType = 1;
			remoteGlobalIDString = 684C87A92F57FF9F00AE8C4F;
			remoteInfo = CCUsageBar;
		};
/* End PBXContainerItemProxy section */

/* Begin PBXFileReference section */
		684C87AA2F57FF9F00AE8C4F /* CCUsageBar.app */ = {isa = PBXFileReference; explicitFileType = wrapper.application; includeInIndex = 0; path = CCUsageBar.app; sourceTree = BUILT_PRODUCTS_DIR; };
		684C87B72F57FFA100AE8C4F /* CCUsageBarTests.xctest */ = {isa = PBXFileReference; explicitFileType = wrapper.cfbundle; includeInIndex = 0; path = CCUsageBarTests.xctest; sourceTree = BUILT_PRODUCTS_DIR; };
		684C87C12F57FFA100AE8C4F /* CCUsageBarUITests.xctest */ = {isa = PBXFileReference; explicitFileType = wrapper.cfbundle; includeInIndex = 0; path = CCUsageBarUITests.xctest; sourceTree = BUILT_PRODUCTS_DIR; };
/* End PBXFileReference section */

/* Begin PBXFileSystemSynchronizedRootGroup section */
		684C87AC2F57FF9F00AE8C4F /* CCUsageBar */ = {
			isa = PBXFileSystemSynchronizedRootGroup;
			path = CCUsageBar;
			sourceTree = "<group>";
		};
		684C87BA2F57FFA100AE8C4F /* CCUsageBarTests */ = {
			isa = PBXFileSystemSynchronizedRootGroup;
			path = CCUsageBarTests;
			sourceTree = "<group>";
		};
		684C87C42F57FFA100AE8C4F /* CCUsageBarUITests */ = {
			isa = PBXFileSystemSynchronizedRootGroup;
			path = CCUsageBarUITests;
			sourceTree = "<group>";
		};
/* End PBXFileSystemSynchronizedRootGroup section */

/* Begin PBXFrameworksBuildPhase section */
		684C87A72F57FF9F00AE8C4F /* Frameworks */ = {
			isa = PBXFrameworksBuildPhase;
			buildActionMask = 2147483647;
			files = (
			);
			runOnlyForDeploymentPostprocessing = 0;
		};
		684C87B42F57FFA100AE8C4F /* Frameworks */ = {
			isa = PBXFrameworksBuildPhase;
			buildActionMask = 2147483647;
			files = (
			);
			runOnlyForDeploymentPostprocessing = 0;
		};
		684C87BE2F57FFA100AE8C4F /* Frameworks */ = {
			isa = PBXFrameworksBuildPhase;
			buildActionMask = 2147483647;
			files = (
			);
			runOnlyForDeploymentPostprocessing = 0;
		};
/* End PBXFrameworksBuildPhase section */

/* Begin PBXGroup section */
		684C87A12F57FF9F00AE8C4F = {
			isa = PBXGroup;
			children = (
				684C87AC2F57FF9F00AE8C4F /* CCUsageBar */,
				684C87BA2F57FFA100AE8C4F /* CCUsageBarTests */,
				684C87C42F57FFA100AE8C4F /* CCUsageBarUITests */,
				684C87AB2F57FF9F00AE8C4F /* Products */,
			);
			sourceTree = "<group>";
		};
		684C87AB2F57FF9F00AE8C4F /* Products */ = {
			isa = PBXGroup;
			children = (
				684C87AA2F57FF9F00AE8C4F /* CCUsageBar.app */,
				684C87B72F57FFA100AE8C4F /* CCUsageBarTests.xctest */,
				684C87C12F57FFA100AE8C4F /* CCUsageBarUITests.xctest */,
			);
			name = Products;
			sourceTree = "<group>";
		};
/* End PBXGroup section */

/* Begin PBXNativeTarget section */
		684C87A92F57FF9F00AE8C4F /* CCUsageBar */ = {
			isa = PBXNativeTarget;
			buildConfigurationList = 684C87CB2F57FFA100AE8C4F /* Build configuration list for PBXNativeTarget "CCUsageBar" */;
			buildPhases = (
				684C87A62F57FF9F00AE8C4F /* Sources */,
				684C87A72F57FF9F00AE8C4F /* Frameworks */,
				684C87A82F57FF9F00AE8C4F /* Resources */,
			);
			buildRules = (
			);
			dependencies = (
			);
			fileSystemSynchronizedGroups = (
				684C87AC2F57FF9F00AE8C4F /* CCUsageBar */,
			);
			name = CCUsageBar;
			packageProductDependencies = (
			);
			productName = CCUsageBar;
			productReference = 684C87AA2F57FF9F00AE8C4F /* CCUsageBar.app */;
			productType = "com.apple.product-type.application";
		};
		684C87B62F57FFA100AE8C4F /* CCUsageBarTests */ = {
			isa = PBXNativeTarget;
			buildConfigurationList = 684C87CE2F57FFA100AE8C4F /* Build configuration list for PBXNativeTarget "CCUsageBarTests" */;
			buildPhases = (
				684C87B32F57FFA100AE8C4F /* Sources */,
				684C87B42F57FFA100AE8C4F /* Frameworks */,
				684C87B52F57FFA100AE8C4F /* Resources */,
			);
			buildRules = (
			);
			dependencies = (
				684C87B92F57FFA100AE8C4F /* PBXTargetDependency */,
			);
			fileSystemSynchronizedGroups = (
				684C87BA2F57FFA100AE8C4F /* CCUsageBarTests */,
			);
			name = CCUsageBarTests;
			packageProductDependencies = (
			);
			productName = CCUsageBarTests;
			productReference = 684C87B72F57FFA100AE8C4F /* CCUsageBarTests.xctest */;
			productType = "com.apple.product-type.bundle.unit-test";
		};
		684C87C02F57FFA100AE8C4F /* CCUsageBarUITests */ = {
			isa = PBXNativeTarget;
			buildConfigurationList = 684C87D12F57FFA100AE8C4F /* Build configuration list for PBXNativeTarget "CCUsageBarUITests" */;
			buildPhases = (
				684C87BD2F57FFA100AE8C4F /* Sources */,
				684C87BE2F57FFA100AE8C4F /* Frameworks */,
				684C87BF2F57FFA100AE8C4F /* Resources */,
			);
			buildRules = (
			);
			dependencies = (
				684C87C32F57FFA100AE8C4F /* PBXTargetDependency */,
			);
			fileSystemSynchronizedGroups = (
				684C87C42F57FFA100AE8C4F /* CCUsageBarUITests */,
			);
			name = CCUsageBarUITests;
			packageProductDependencies = (
			);
			productName = CCUsageBarUITests;
			productReference = 684C87C12F57FFA100AE8C4F /* CCUsageBarUITests.xctest */;
			productType = "com.apple.product-type.bundle.ui-testing";
		};
/* End PBXNativeTarget section */

/* Begin PBXProject section */
		684C87A22F57FF9F00AE8C4F /* Project object */ = {
			isa = PBXProject;
			attributes = {
				BuildIndependentTargetsInParallel = 1;
				LastSwiftUpdateCheck = 2630;
				LastUpgradeCheck = 2630;
				TargetAttributes = {
					684C87A92F57FF9F00AE8C4F = {
						CreatedOnToolsVersion = 26.3;
					};
					684C87B62F57FFA100AE8C4F = {
						CreatedOnToolsVersion = 26.3;
						TestTargetID = 684C87A92F57FF9F00AE8C4F;
					};
					684C87C02F57FFA100AE8C4F = {
						CreatedOnToolsVersion = 26.3;
						TestTargetID = 684C87A92F57FF9F00AE8C4F;
					};
				};
			};
			buildConfigurationList = 684C87A52F57FF9F00AE8C4F /* Build configuration list for PBXProject "CCUsageBar" */;
			developmentRegion = en;
			hasScannedForEncodings = 0;
			knownRegions = (
				en,
				Base,
			);
			mainGroup = 684C87A12F57FF9F00AE8C4F;
			minimizedProjectReferenceProxies = 1;
			preferredProjectObjectVersion = 77;
			productRefGroup = 684C87AB2F57FF9F00AE8C4F /* Products */;
			projectDirPath = "";
			projectRoot = "";
			targets = (
				684C87A92F57FF9F00AE8C4F /* CCUsageBar */,
				684C87B62F57FFA100AE8C4F /* CCUsageBarTests */,
				684C87C02F57FFA100AE8C4F /* CCUsageBarUITests */,
			);
		};
/* End PBXProject section */

/* Begin PBXResourcesBuildPhase section */
		684C87A82F57FF9F00AE8C4F /* Resources */ = {
			isa = PBXResourcesBuildPhase;
			buildActionMask = 2147483647;
			files = (
			);
			runOnlyForDeploymentPostprocessing = 0;
		};
		684C87B52F57FFA100AE8C4F /* Resources */ = {
			isa = PBXResourcesBuildPhase;
			buildActionMask = 2147483647;
			files = (
			);
			runOnlyForDeploymentPostprocessing = 0;
		};
		684C87BF2F57FFA100AE8C4F /* Resources */ = {
			isa = PBXResourcesBuildPhase;
			buildActionMask = 2147483647;
			files = (
			);
			runOnlyForDeploymentPostprocessing = 0;
		};
/* End PBXResourcesBuildPhase section */

/* Begin PBXSourcesBuildPhase section */
		684C87A62F57FF9F00AE8C4F /* Sources */ = {
			isa = PBXSourcesBuildPhase;
			buildActionMask = 2147483647;
			files = (
			);
			runOnlyForDeploymentPostprocessing = 0;
		};
		684C87B32F57FFA100AE8C4F /* Sources */ = {
			isa = PBXSourcesBuildPhase;
			buildActionMask = 2147483647;
			files = (
			);
			runOnlyForDeploymentPostprocessing = 0;
		};
		684C87BD2F57FFA100AE8C4F /* Sources */ = {
			isa = PBXSourcesBuildPhase;
			buildActionMask = 2147483647;
			files = (
			);
			runOnlyForDeploymentPostprocessing = 0;
		};
/* End PBXSourcesBuildPhase section */

/* Begin PBXTargetDependency section */
		684C87B92F57FFA100AE8C4F /* PBXTargetDependency */ = {
			isa = PBXTargetDependency;
			target = 684C87A92F57FF9F00AE8C4F /* CCUsageBar */;
			targetProxy = 684C87B82F57FFA100AE8C4F /* PBXContainerItemProxy */;
		};
		684C87C32F57FFA100AE8C4F /* PBXTargetDependency */ = {
			isa = PBXTargetDependency;
			target = 684C87A92F57FF9F00AE8C4F /* CCUsageBar */;
			targetProxy = 684C87C22F57FFA100AE8C4F /* PBXContainerItemProxy */;
		};
/* End PBXTargetDependency section */

/* Begin XCBuildConfiguration section */
		684C87C92F57FFA100AE8C4F /* Debug */ = {
			isa = XCBuildConfiguration;
			buildSettings = {
				ALWAYS_SEARCH_USER_PATHS = NO;
				ASSETCATALOG_COMPILER_GENERATE_SWIFT_ASSET_SYMBOL_EXTENSIONS = YES;
				CLANG_ANALYZER_NONNULL = YES;
				CLANG_ANALYZER_NUMBER_OBJECT_CONVERSION = YES_AGGRESSIVE;
				CLANG_CXX_LANGUAGE_STANDARD = "gnu++20";
				CLANG_ENABLE_MODULES = YES;
				CLANG_ENABLE_OBJC_ARC = YES;
				CLANG_ENABLE_OBJC_WEAK = YES;
				CLANG_WARN_BLOCK_CAPTURE_AUTORELEASING = YES;
				CLANG_WARN_BOOL_CONVERSION = YES;
				CLANG_WARN_COMMA = YES;
				CLANG_WARN_CONSTANT_CONVERSION = YES;
				CLANG_WARN_DEPRECATED_OBJC_IMPLEMENTATIONS = YES;
				CLANG_WARN_DIRECT_OBJC_ISA_USAGE = YES_ERROR;
				CLANG_WARN_DOCUMENTATION_COMMENTS = YES;
				CLANG_WARN_EMPTY_BODY = YES;
				CLANG_WARN_ENUM_CONVERSION = YES;
				CLANG_WARN_INFINITE_RECURSION = YES;
				CLANG_WARN_INT_CONVERSION = YES;
				CLANG_WARN_NON_LITERAL_NULL_CONVERSION = YES;
				CLANG_WARN_OBJC_IMPLICIT_RETAIN_SELF = YES;
				CLANG_WARN_OBJC_LITERAL_CONVERSION = YES;
				CLANG_WARN_OBJC_ROOT_CLASS = YES_ERROR;
				CLANG_WARN_QUOTED_INCLUDE_IN_FRAMEWORK_HEADER = YES;
				CLANG_WARN_RANGE_LOOP_ANALYSIS = YES;
				CLANG_WARN_STRICT_PROTOTYPES = YES;
				CLANG_WARN_SUSPICIOUS_MOVE = YES;
				CLANG_WARN_UNGUARDED_AVAILABILITY = YES_AGGRESSIVE;
				CLANG_WARN_UNREACHABLE_CODE = YES;
				CLANG_WARN__DUPLICATE_METHOD_MATCH = YES;
				COPY_PHASE_STRIP = NO;
				DEBUG_INFORMATION_FORMAT = dwarf;
				DEVELOPMENT_TEAM = T38923NH6Z;
				ENABLE_STRICT_OBJC_MSGSEND = YES;
				ENABLE_TESTABILITY = YES;
				ENABLE_USER_SCRIPT_SANDBOXING = YES;
				GCC_C_LANGUAGE_STANDARD = gnu17;
				GCC_DYNAMIC_NO_PIC = NO;
				GCC_NO_COMMON_BLOCKS = YES;
				GCC_OPTIMIZATION_LEVEL = 0;
				GCC_PREPROCESSOR_DEFINITIONS = (
					"DEBUG=1",
					"$(inherited)",
				);
				GCC_WARN_64_TO_32_BIT_CONVERSION = YES;
				GCC_WARN_ABOUT_RETURN_TYPE = YES_ERROR;
				GCC_WARN_UNDECLARED_SELECTOR = YES;
				GCC_WARN_UNINITIALIZED_AUTOS = YES_AGGRESSIVE;
				GCC_WARN_UNUSED_FUNCTION = YES;
				GCC_WARN_UNUSED_VARIABLE = YES;
				LOCALIZATION_PREFERS_STRING_CATALOGS = YES;
				MACOSX_DEPLOYMENT_TARGET = 26.2;
				MTL_ENABLE_DEBUG_INFO = INCLUDE_SOURCE;
				MTL_FAST_MATH = YES;
				ONLY_ACTIVE_ARCH = YES;
				SDKROOT = macosx;
				SWIFT_ACTIVE_COMPILATION_CONDITIONS = "DEBUG $(inherited)";
				SWIFT_OPTIMIZATION_LEVEL = "-Onone";
			};
			name = Debug;
		};
		684C87CA2F57FFA100AE8C4F /* Release */ = {
			isa = XCBuildConfiguration;
			buildSettings = {
				ALWAYS_SEARCH_USER_PATHS = NO;
				ASSETCATALOG_COMPILER_GENERATE_SWIFT_ASSET_SYMBOL_EXTENSIONS = YES;
				CLANG_ANALYZER_NONNULL = YES;
				CLANG_ANALYZER_NUMBER_OBJECT_CONVERSION = YES_AGGRESSIVE;
				CLANG_CXX_LANGUAGE_STANDARD = "gnu++20";
				CLANG_ENABLE_MODULES = YES;
				CLANG_ENABLE_OBJC_ARC = YES;
				CLANG_ENABLE_OBJC_WEAK = YES;
				CLANG_WARN_BLOCK_CAPTURE_AUTORELEASING = YES;
				CLANG_WARN_BOOL_CONVERSION = YES;
				CLANG_WARN_COMMA = YES;
				CLANG_WARN_CONSTANT_CONVERSION = YES;
				CLANG_WARN_DEPRECATED_OBJC_IMPLEMENTATIONS = YES;
				CLANG_WARN_DIRECT_OBJC_ISA_USAGE = YES_ERROR;
				CLANG_WARN_DOCUMENTATION_COMMENTS = YES;
				CLANG_WARN_EMPTY_BODY = YES;
				CLANG_WARN_ENUM_CONVERSION = YES;
				CLANG_WARN_INFINITE_RECURSION = YES;
				CLANG_WARN_INT_CONVERSION = YES;
				CLANG_WARN_NON_LITERAL_NULL_CONVERSION = YES;
				CLANG_WARN_OBJC_IMPLICIT_RETAIN_SELF = YES;
				CLANG_WARN_OBJC_LITERAL_CONVERSION = YES;
				CLANG_WARN_OBJC_ROOT_CLASS = YES_ERROR;
				CLANG_WARN_QUOTED_INCLUDE_IN_FRAMEWORK_HEADER = YES;
				CLANG_WARN_RANGE_LOOP_ANALYSIS = YES;
				CLANG_WARN_STRICT_PROTOTYPES = YES;
				CLANG_WARN_SUSPICIOUS_MOVE = YES;
				CLANG_WARN_UNGUARDED_AVAILABILITY = YES_AGGRESSIVE;
				CLANG_WARN_UNREACHABLE_CODE = YES;
				CLANG_WARN__DUPLICATE_METHOD_MATCH = YES;
				COPY_PHASE_STRIP = NO;
				DEBUG_INFORMATION_FORMAT = "dwarf-with-dsym";
				DEVELOPMENT_TEAM = T38923NH6Z;
				ENABLE_NS_ASSERTIONS = NO;
				ENABLE_STRICT_OBJC_MSGSEND = YES;
				ENABLE_USER_SCRIPT_SANDBOXING = YES;
				GCC_C_LANGUAGE_STANDARD = gnu17;
				GCC_NO_COMMON_BLOCKS = YES;
				GCC_WARN_64_TO_32_BIT_CONVERSION = YES;
				GCC_WARN_ABOUT_RETURN_TYPE = YES_ERROR;
				GCC_WARN_UNDECLARED_SELECTOR = YES;
				GCC_WARN_UNINITIALIZED_AUTOS = YES_AGGRESSIVE;
				GCC_WARN_UNUSED_FUNCTION = YES;
				GCC_WARN_UNUSED_VARIABLE = YES;
				LOCALIZATION_PREFERS_STRING_CATALOGS = YES;
				MACOSX_DEPLOYMENT_TARGET = 26.2;
				MTL_ENABLE_DEBUG_INFO = NO;
				MTL_FAST_MATH = YES;
				SDKROOT = macosx;
				SWIFT_COMPILATION_MODE = wholemodule;
			};
			name = Release;
		};
		684C87CC2F57FFA100AE8C4F /* Debug */ = {
			isa = XCBuildConfiguration;
			buildSettings = {
				ASSETCATALOG_COMPILER_APPICON_NAME = AppIcon;
				ASSETCATALOG_COMPILER_GLOBAL_ACCENT_COLOR_NAME = AccentColor;
				CODE_SIGN_ENTITLEMENTS = CCUsageBar/CCUsageBar.entitlements;
				CODE_SIGN_STYLE = Automatic;
				COMBINE_HIDPI_IMAGES = YES;
				CURRENT_PROJECT_VERSION = 1;
				DEVELOPMENT_TEAM = T38923NH6Z;
				ENABLE_APP_SANDBOX = NO;
				ENABLE_HARDENED_RUNTIME = YES;
				ENABLE_PREVIEWS = YES;
				ENABLE_USER_SELECTED_FILES = readonly;
				GENERATE_INFOPLIST_FILE = YES;
				INFOPLIST_KEY_LSUIElement = YES;
				INFOPLIST_KEY_NSHumanReadableCopyright = "";
				LD_RUNPATH_SEARCH_PATHS = (
					"$(inherited)",
					"@executable_path/../Frameworks",
				);
				MARKETING_VERSION = 1.0;
				PRODUCT_BUNDLE_IDENTIFIER = com.lionhylra.CCUsageBar;
				PRODUCT_NAME = "$(TARGET_NAME)";
				REGISTER_APP_GROUPS = YES;
				STRING_CATALOG_GENERATE_SYMBOLS = YES;
				SWIFT_APPROACHABLE_CONCURRENCY = YES;
				SWIFT_DEFAULT_ACTOR_ISOLATION = MainActor;
				SWIFT_EMIT_LOC_STRINGS = YES;
				SWIFT_UPCOMING_FEATURE_MEMBER_IMPORT_VISIBILITY = YES;
				SWIFT_VERSION = 5.0;
			};
			name = Debug;
		};
		684C87CD2F57FFA100AE8C4F /* Release */ = {
			isa = XCBuildConfiguration;
			buildSettings = {
				ASSETCATALOG_COMPILER_APPICON_NAME = AppIcon;
				ASSETCATALOG_COMPILER_GLOBAL_ACCENT_COLOR_NAME = AccentColor;
				CODE_SIGN_ENTITLEMENTS = CCUsageBar/CCUsageBar.entitlements;
				CODE_SIGN_STYLE = Automatic;
				COMBINE_HIDPI_IMAGES = YES;
				CURRENT_PROJECT_VERSION = 1;
				DEVELOPMENT_TEAM = T38923NH6Z;
				ENABLE_APP_SANDBOX = NO;
				ENABLE_HARDENED_RUNTIME = YES;
				ENABLE_PREVIEWS = YES;
				ENABLE_USER_SELECTED_FILES = readonly;
				GENERATE_INFOPLIST_FILE = YES;
				INFOPLIST_KEY_LSUIElement = YES;
				INFOPLIST_KEY_NSHumanReadableCopyright = "";
				LD_RUNPATH_SEARCH_PATHS = (
					"$(inherited)",
					"@executable_path/../Frameworks",
				);
				MARKETING_VERSION = 1.0;
				PRODUCT_BUNDLE_IDENTIFIER = com.lionhylra.CCUsageBar;
				PRODUCT_NAME = "$(TARGET_NAME)";
				REGISTER_APP_GROUPS = YES;
				STRING_CATALOG_GENERATE_SYMBOLS = YES;
				SWIFT_APPROACHABLE_CONCURRENCY = YES;
				SWIFT_DEFAULT_ACTOR_ISOLATION = MainActor;
				SWIFT_EMIT_LOC_STRINGS = YES;
				SWIFT_UPCOMING_FEATURE_MEMBER_IMPORT_VISIBILITY = YES;
				SWIFT_VERSION = 5.0;
			};
			name = Release;
		};
		684C87CF2F57FFA100AE8C4F /* Debug */ = {
			isa = XCBuildConfiguration;
			buildSettings = {
				BUNDLE_LOADER = "$(TEST_HOST)";
				CODE_SIGN_STYLE = Automatic;
				CURRENT_PROJECT_VERSION = 1;
				DEVELOPMENT_TEAM = T38923NH6Z;
				GENERATE_INFOPLIST_FILE = YES;
				MACOSX_DEPLOYMENT_TARGET = 26.2;
				MARKETING_VERSION = 1.0;
				PRODUCT_BUNDLE_IDENTIFIER = com.lionhylra.CCUsageBarTests;
				PRODUCT_NAME = "$(TARGET_NAME)";
				STRING_CATALOG_GENERATE_SYMBOLS = NO;
				SWIFT_APPROACHABLE_CONCURRENCY = YES;
				SWIFT_EMIT_LOC_STRINGS = NO;
				SWIFT_UPCOMING_FEATURE_MEMBER_IMPORT_VISIBILITY = YES;
				SWIFT_VERSION = 5.0;
				TEST_HOST = "$(BUILT_PRODUCTS_DIR)/CCUsageBar.app/$(BUNDLE_EXECUTABLE_FOLDER_PATH)/CCUsageBar";
			};
			name = Debug;
		};
		684C87D02F57FFA100AE8C4F /* Release */ = {
			isa = XCBuildConfiguration;
			buildSettings = {
				BUNDLE_LOADER = "$(TEST_HOST)";
				CODE_SIGN_STYLE = Automatic;
				CURRENT_PROJECT_VERSION = 1;
				DEVELOPMENT_TEAM = T38923NH6Z;
				GENERATE_INFOPLIST_FILE = YES;
				MACOSX_DEPLOYMENT_TARGET = 26.2;
				MARKETING_VERSION = 1.0;
				PRODUCT_BUNDLE_IDENTIFIER = com.lionhylra.CCUsageBarTests;
				PRODUCT_NAME = "$(TARGET_NAME)";
				STRING_CATALOG_GENERATE_SYMBOLS = NO;
				SWIFT_APPROACHABLE_CONCURRENCY = YES;
				SWIFT_EMIT_LOC_STRINGS = NO;
				SWIFT_UPCOMING_FEATURE_MEMBER_IMPORT_VISIBILITY = YES;
				SWIFT_VERSION = 5.0;
				TEST_HOST = "$(BUILT_PRODUCTS_DIR)/CCUsageBar.app/$(BUNDLE_EXECUTABLE_FOLDER_PATH)/CCUsageBar";
			};
			name = Release;
		};
		684C87D22F57FFA100AE8C4F /* Debug */ = {
			isa = XCBuildConfiguration;
			buildSettings = {
				CODE_SIGN_STYLE = Automatic;
				CURRENT_PROJECT_VERSION = 1;
				DEVELOPMENT_TEAM = T38923NH6Z;
				GENERATE_INFOPLIST_FILE = YES;
				MARKETING_VERSION = 1.0;
				PRODUCT_BUNDLE_IDENTIFIER = com.lionhylra.CCUsageBarUITests;
				PRODUCT_NAME = "$(TARGET_NAME)";
				STRING_CATALOG_GENERATE_SYMBOLS = NO;
				SWIFT_APPROACHABLE_CONCURRENCY = YES;
				SWIFT_EMIT_LOC_STRINGS = NO;
				SWIFT_UPCOMING_FEATURE_MEMBER_IMPORT_VISIBILITY = YES;
				SWIFT_VERSION = 5.0;
				TEST_TARGET_NAME = CCUsageBar;
			};
			name = Debug;
		};
		684C87D32F57FFA100AE8C4F /* Release */ = {
			isa = XCBuildConfiguration;
			buildSettings = {
				CODE_SIGN_STYLE = Automatic;
				CURRENT_PROJECT_VERSION = 1;
				DEVELOPMENT_TEAM = T38923NH6Z;
				GENERATE_INFOPLIST_FILE = YES;
				MARKETING_VERSION = 1.0;
				PRODUCT_BUNDLE_IDENTIFIER = com.lionhylra.CCUsageBarUITests;
				PRODUCT_NAME = "$(TARGET_NAME)";
				STRING_CATALOG_GENERATE_SYMBOLS = NO;
				SWIFT_APPROACHABLE_CONCURRENCY = YES;
				SWIFT_EMIT_LOC_STRINGS = NO;
				SWIFT_UPCOMING_FEATURE_MEMBER_IMPORT_VISIBILITY = YES;
				SWIFT_VERSION = 5.0;
				TEST_TARGET_NAME = CCUsageBar;
			};
			name = Release;
		};
/* End XCBuildConfiguration section */

/* Begin XCConfigurationList section */
		684C87A52F57FF9F00AE8C4F /* Build configuration list for PBXProject "CCUsageBar" */ = {
			isa = XCConfigurationList;
			buildConfigurations = (
				684C87C92F57FFA100AE8C4F /* Debug */,
				684C87CA2F57FFA100AE8C4F /* Release */,
			);
			defaultConfigurationIsVisible = 0;
			defaultConfigurationName = Release;
		};
		684C87CB2F57FFA100AE8C4F /* Build configuration list for PBXNativeTarget "CCUsageBar" */ = {
			isa = XCConfigurationList;
			buildConfigurations = (
				684C87CC2F57FFA100AE8C4F /* Debug */,
				684C87CD2F57FFA100AE8C4F /* Release */,
			);
			defaultConfigurationIsVisible = 0;
			defaultConfigurationName = Release;
		};
		684C87CE2F57FFA100AE8C4F /* Build configuration list for PBXNativeTarget "CCUsageBarTests" */ = {
			isa = XCConfigurationList;
			buildConfigurations = (
				684C87CF2F57FFA100AE8C4F /* Debug */,
				684C87D02F57FFA100AE8C4F /* Release */,
			);
			defaultConfigurationIsVisible = 0;
			defaultConfigurationName = Release;
		};
		684C87D12F57FFA100AE8C4F /* Build configuration list for PBXNativeTarget "CCUsageBarUITests" */ = {
			isa = XCConfigurationList;
			buildConfigurations = (
				684C87D22F57FFA100AE8C4F /* Debug */,
				684C87D32F57FFA100AE8C4F /* Release */,
			);
			defaultConfigurationIsVisible = 0;
			defaultConfigurationName = Release;
		};
/* End XCConfigurationList section */
	};
	rootObject = 684C87A22F57FF9F00AE8C4F /* Project object */;
}
